
Microsoft Visual Studio Solution File, Format Version 12.00
# Visual Studio 2013
VisualStudioVersion = 12.0.40629.0
MinimumVisualStudioVersion = 10.0.40219.1
Project("{2150E333-8FDC-42A3-9474-1A3956D46DE8}") = "TextDocument", "TextDocument", "{BE5E4636-B567-45E6-A629-D2E7A0C5C32B}"
EndProject
Project("{2150E333-8FDC-42A3-9474-1A3956D46DE8}") = "Spreadsheet", "Spreadsheet", "{A4EB1229-CBCD-4C28-98C7-B94A4B87C40D}"
EndProject
Project("{FAE04EC0-301F-11D3-BF4B-00C04F79EFBC}") = "HelloWorld", "HelloWorld\HelloWorld.csproj", "{F7667EA1-4CA3-45A4-BF72-F4BB50EC3F6F}"
EndProject
Project("{F184B08F-C81C-45F6-A57F-5ABD9991F28F}") = "VBHelloWorld", "VBHelloWorld\VBHelloWorld.vbproj", "{294DBAA9-7A02-4DF6-9C29-EFC97B7D3E0F}"
EndProject
Project("{FAE04EC0-301F-11D3-BF4B-00C04F79EFBC}") = "AddHeaderFooter", "AddHeaderFooter\AddHeaderFooter.csproj", "{8BDA3436-1131-49CE-93F6-4D39F7268022}"
EndProject
Project("{F184B08F-C81C-45F6-A57F-5ABD9991F28F}") = "VBAddHeaderFooter", "VBAddHeaderFooter\VBAddHeaderFooter.vbproj", "{0EF1B369-F6E3-4667-84F1-37F12E0E7980}"
EndProject
Project("{FAE04EC0-301F-11D3-BF4B-00C04F79EFBC}") = "SetFont", "SetFont\SetFont.csproj", "{0CC316D5-8D88-4A07-BDB0-5F1214D11B83}"
EndProject
Project("{F184B08F-C81C-45F6-A57F-5ABD9991F28F}") = "VBSetFont", "VBSetFont\VBSetFont.vbproj", "{D027526E-E4E5-449B-8CEA-DBEDFF7E0F13}"
EndProject
Project("{FAE04EC0-301F-11D3-BF4B-00C04F79EFBC}") = "AddField", "AddField\AddField.csproj", "{4E93279E-4A40-4892-9E54-8FD4239AC832}"
EndProject
Project("{F184B08F-C81C-45F6-A57F-5ABD9991F28F}") = "VBAddField", "VBAddField\VBAddField.vbproj", "{F5F31CFB-94EC-4605-B6BE-C09AD831E1FE}"
EndProject
Project("{FAE04EC0-301F-11D3-BF4B-00C04F79EFBC}") = "Numbering", "Numbering\Numbering.csproj", "{DCC457CF-3901-47BD-8979-E07A1E6C2F9A}"
EndProject
Project("{F184B08F-C81C-45F6-A57F-5ABD9991F28F}") = "VBNumbering", "VBNumbering\VBNumbering.vbproj", "{372534AF-CB89-4DE3-B571-153BF574458B}"
EndProject
Project("{FAE04EC0-301F-11D3-BF4B-00C04F79EFBC}") = "AddSection", "AddSection\AddSection.csproj", "{516E14A8-F8C0-4549-9188-EB2AC7166EDB}"
EndProject
Project("{F184B08F-C81C-45F6-A57F-5ABD9991F28F}") = "VBAddSection", "VBAddSection\VBAddSection.vbproj", "{9CC8A055-D305-4EC9-AAD6-91DADCDC1E26}"
EndProject
Project("{FAE04EC0-301F-11D3-BF4B-00C04F79EFBC}") = "AddHyperlink", "AddHyperlink\AddHyperlink.csproj", "{294CF8A4-6613-4891-A8EF-64136CD4D8FD}"
EndProject
Project("{F184B08F-C81C-45F6-A57F-5ABD9991F28F}") = "VBAddHyperlink", "VBAddHyperlink\VBAddHyperlink.vbproj", "{2AF63E59-8127-4BFE-8547-5F81C9857219}"
EndProject
Project("{FAE04EC0-301F-11D3-BF4B-00C04F79EFBC}") = "SimpleSpreadsheet", "SimpleSpreadsheet\SimpleSpreadsheet.csproj", "{899C5CB1-52AB-4893-B625-BD88F0E4339E}"
EndProject
Project("{F184B08F-C81C-45F6-A57F-5ABD9991F28F}") = "VBSimpleSpreadsheet", "VBSimpleSpreadsheet\VBSimpleSpreadsheet.vbproj", "{BAF4640D-69FA-4223-8899-9314767F17C4}"
EndProject
Project("{FAE04EC0-301F-11D3-BF4B-00C04F79EFBC}") = "WordCount", "WordCount\WordCount.csproj", "{373EF348-6824-4BB0-9A7F-ED744CEC4C8F}"
EndProject
Project("{F184B08F-C81C-45F6-A57F-5ABD9991F28F}") = "VBWordCount", "VBWordCount\VBWordCount.vbproj", "{6BF872B3-F22B-491F-B326-96BAA2F0447F}"
EndProject
Project("{FAE04EC0-301F-11D3-BF4B-00C04F79EFBC}") = "DisplayText", "DisplayText\DisplayText.csproj", "{3034526D-C414-4344-B3D7-367B71C2496F}"
EndProject
Project("{F184B08F-C81C-45F6-A57F-5ABD9991F28F}") = "VBDisplayText", "VBDisplayText\VBDisplayText.vbproj", "{F9565261-8F48-40E0-87C1-603155917B04}"
EndProject
Project("{FAE04EC0-301F-11D3-BF4B-00C04F79EFBC}") = "ReplaceText", "ReplaceText\ReplaceText.csproj", "{3C018DFC-FBE3-40DC-86A5-658A9EC03338}"
EndProject
Project("{F184B08F-C81C-45F6-A57F-5ABD9991F28F}") = "VBReplaceText", "VBReplaceText\VBReplaceText.vbproj", "{43A24316-170A-4F06-846D-F35D4DCAC4A1}"
EndProject
Project("{FAE04EC0-301F-11D3-BF4B-00C04F79EFBC}") = "ExtractImages", "ExtractImages\ExtractImages.csproj", "{A37C9D5C-896C-463B-876D-9554AB94F915}"
EndProject
Project("{F184B08F-C81C-45F6-A57F-5ABD9991F28F}") = "VBExtractImages", "VBExtractImages\VBExtractImages.vbproj", "{C52A0DAE-3F7D-4BB3-990D-52309CDF3A57}"
EndProject
Project("{FAE04EC0-301F-11D3-BF4B-00C04F79EFBC}") = "GetTables", "GetTables\GetTables.csproj", "{8BAF3D75-A05E-46C0-90D9-68D56C6E486B}"
EndProject
Project("{F184B08F-C81C-45F6-A57F-5ABD9991F28F}") = "VBGetTables", "VBGetTables\VBGetTables.vbproj", "{52DDAFA6-BD6E-4011-9CDF-8275C1F1993F}"
EndProject
Project("{FAE04EC0-301F-11D3-BF4B-00C04F79EFBC}") = "AppendDocument", "AppendDocument\AppendDocument.csproj", "{CAB7F16A-BE98-4B2F-8AC9-AE74097036E2}"
EndProject
Project("{F184B08F-C81C-45F6-A57F-5ABD9991F28F}") = "VBAppendDocument", "VBAppendDocument\VBAppendDocument.vbproj", "{0E6C5D29-895B-4FA7-8274-29FC940A4469}"
EndProject
Project("{FAE04EC0-301F-11D3-BF4B-00C04F79EFBC}") = "GetContentElements", "GetContentElements\GetContentElements.csproj", "{E847A3B5-0516-48D2-BA6E-B738BAB1400A}"
EndProject
Project("{F184B08F-C81C-45F6-A57F-5ABD9991F28F}") = "VBGetContentElements", "VBGetContentElements\VBGetContentElements.vbproj", "{A61869F6-512A-46AA-81E7-E9EBD6C82709}"
EndProject
Project("{FAE04EC0-301F-11D3-BF4B-00C04F79EFBC}") = "DisplayCellValues", "DisplayCellValues\DisplayCellValues.csproj", "{B0513B7D-26F3-4EFC-A63A-C01D89FB599C}"
EndProject
Project("{F184B08F-C81C-45F6-A57F-5ABD9991F28F}") = "VBDisplayCellValues", "VBDisplayCellValues\VBDisplayCellValues.vbproj", "{D0DCB1CE-4349-417E-8121-5A99A84935D0}"
EndProject
Project("{FAE04EC0-301F-11D3-BF4B-00C04F79EFBC}") = "SetCellColor", "SetCellColor\SetCellColor.csproj", "{50AF1F7F-9B8E-4760-AEB3-2814D1669999}"
EndProject
Project("{F184B08F-C81C-45F6-A57F-5ABD9991F28F}") = "VBSetCellColor", "VBSetCellColor\VBSetCellColor.vbproj", "{E1052BA5-492A-43B1-9C12-7E1C19A13A04}"
EndProject
Project("{FAE04EC0-301F-11D3-BF4B-00C04F79EFBC}") = "SetCellFormat", "SetCellFormat\SetCellFormat.csproj", "{7F058967-94A4-4E75-86F9-2107054BADF7}"
EndProject
Project("{F184B08F-C81C-45F6-A57F-5ABD9991F28F}") = "VBSetCellFormat", "VBSetCellFormat\VBSetCellFormat.vbproj", "{C1793979-CF8F-48A3-B67E-03EA6F6B6DD7}"
EndProject
Project("{FAE04EC0-301F-11D3-BF4B-00C04F79EFBC}") = "SetColumnWidth", "SetColumnWidth\SetColumnWidth.csproj", "{1C6128B2-99AB-468F-9589-62D16BD28795}"
EndProject
Project("{F184B08F-C81C-45F6-A57F-5ABD9991F28F}") = "VBSetColumnWidth", "VBSetColumnWidth\VBSetColumnWidth.vbproj", "{3C2A1D16-0FE2-416B-8E9A-F656D84EFD33}"
EndProject
Project("{FAE04EC0-301F-11D3-BF4B-00C04F79EFBC}") = "SetRowHeight", "SetRowHeight\SetRowHeight.csproj", "{F47266B8-60EC-4C42-8EE2-5E3763674FFA}"
EndProject
Project("{F184B08F-C81C-45F6-A57F-5ABD9991F28F}") = "VBSetRowHeight", "VBSetRowHeight\VBSetRowHeight.vbproj", "{20B5E655-3E29-4ECC-9E1E-B000B9BAF22D}"
EndProject
Project("{FAE04EC0-301F-11D3-BF4B-00C04F79EFBC}") = "InsertCellComment", "InsertCellComment\InsertCellComment.csproj", "{14E995D6-5D91-48D7-9467-CB19070C9749}"
EndProject
Project("{F184B08F-C81C-45F6-A57F-5ABD9991F28F}") = "VBInsertCellComment", "VBInsertCellComment\VBInsertCellComment.vbproj", "{94CA1F56-BD46-412C-AA52-62978B8C1297}"
EndProject
Project("{FAE04EC0-301F-11D3-BF4B-00C04F79EFBC}") = "DefineName", "DefineName\DefineName.csproj", "{FE5F7E70-A99D-45FF-A63B-88E89A496B95}"
EndProject
Project("{F184B08F-C81C-45F6-A57F-5ABD9991F28F}") = "VBDefineName", "VBDefineName\VBDefineName.vbproj", "{F2E707E5-4C49-424B-AAB5-BA9EA0FF4111}"
EndProject
Project("{FAE04EC0-301F-11D3-BF4B-00C04F79EFBC}") = "InsertImage", "InsertImage\InsertImage.csproj", "{25DE3850-4486-494E-A412-82892FC510EE}"
EndProject
Project("{FAE04EC0-301F-11D3-BF4B-00C04F79EFBC}") = "InsertTable", "InsertTable\InsertTable.csproj", "{ECE2425B-32D6-467A-BA0B-E045ACE12FD0}"
EndProject
Project("{F184B08F-C81C-45F6-A57F-5ABD9991F28F}") = "VBInsertImage", "VBInsertImage\VBInsertImage.vbproj", "{726B2FA3-7EFD-4274-B3CE-02DBECB8F6CF}"
EndProject
Project("{F184B08F-C81C-45F6-A57F-5ABD9991F28F}") = "VBInsertTable", "VBInsertTable\VBInsertTable.vbproj", "{7A19BA99-2D4F-4091-BAB8-2F6C8B983052}"
EndProject
Project("{FAE04EC0-301F-11D3-BF4B-00C04F79EFBC}") = "ParagraphAlignment", "ParagraphAlignment\ParagraphAlignment.csproj", "{903C1826-961D-4D52-AE83-5B09A071A044}"
EndProject
Project("{F184B08F-C81C-45F6-A57F-5ABD9991F28F}") = "VBParagraphAlignment", "VBParagraphAlignment\VBParagraphAlignment.vbproj", "{4079D06C-E917-4FC5-8F99-C8256D9360CD}"
EndProject
Project("{FAE04EC0-301F-11D3-BF4B-00C04F79EFBC}") = "ParagraphStyle", "ParagraphStyle\ParagraphStyle.csproj", "{516DADA0-9FE9-47C3-9FFD-479E55AA327B}"
EndProject
Project("{F184B08F-C81C-45F6-A57F-5ABD9991F28F}") = "VBParagraphStyle", "VBParagraphStyle\VBParagraphStyle.vbproj", "{BEFAD808-CB34-4417-845D-01F183FE6D85}"
EndProject
Project("{FAE04EC0-301F-11D3-BF4B-00C04F79EFBC}") = "CellBorder", "CellBorder\CellBorder.csproj", "{1A7B80FB-91B3-49ED-A2A3-316E67F9ABD6}"
EndProject
Project("{F184B08F-C81C-45F6-A57F-5ABD9991F28F}") = "VBCellBorder", "VBCellBorder\VBCellBorder.vbproj", "{C47DB6F2-6697-4DAE-AC59-5EDD0EF7F5DD}"
EndProject
Project("{FAE04EC0-301F-11D3-BF4B-00C04F79EFBC}") = "PageOrientation", "PageOrientation\PageOrientation.csproj", "{A4FC5EC5-C8CE-4275-BFA1-21E3F4B820DD}"
EndProject
Project("{F184B08F-C81C-45F6-A57F-5ABD9991F28F}") = "VBPageOrientation", "VBPageOrientation\VBPageOrientation.vbproj", "{B4174C63-EF9C-4AD3-A632-28158B04F67F}"
EndProject
Project("{FAE04EC0-301F-11D3-BF4B-00C04F79EFBC}") = "AddBookmark", "AddBookmark\AddBookmark.csproj", "{9CF7FFAC-8CC9-41B3-A6CA-DE649C1DB22F}"
EndProject
Project("{F184B08F-C81C-45F6-A57F-5ABD9991F28F}") = "VBAddBookmark", "VBAddBookmark\VBAddBookmark.vbproj", "{3896BABD-55FD-40E0-B883-D447AE093886}"
EndProject
Project("{FAE04EC0-301F-11D3-BF4B-00C04F79EFBC}") = "SetBookmarkText", "SetBookmarkText\SetBookmarkText.csproj", "{FE88341B-329F-4103-9C59-38621627BCF6}"
EndProject
Project("{F184B08F-C81C-45F6-A57F-5ABD9991F28F}") = "VBSetBookmarkText", "VBSetBookmarkText\VBSetBookmarkText.vbproj", "{1F72E63A-5ED0-4AFD-9101-9330BE37CAC5}"
EndProject
Project("{FAE04EC0-301F-11D3-BF4B-00C04F79EFBC}") = "ListBookmarks", "ListBookmarks\ListBookmarks.csproj", "{2B775790-584C-4A92-837E-C01D15595D05}"
EndProject
Project("{F184B08F-C81C-45F6-A57F-5ABD9991F28F}") = "VBListBookmarks", "VBListBookmarks\VBListBookmarks.vbproj", "{7219971A-8B67-4AE0-926B-6756F780157D}"
EndProject
Project("{FAE04EC0-301F-11D3-BF4B-00C04F79EFBC}") = "GetHeaderFooterText", "GetHeaderFooterText\GetHeaderFooterText.csproj", "{905980B2-18D0-4636-873D-82F70FBF7FBB}"
EndProject
Project("{F184B08F-C81C-45F6-A57F-5ABD9991F28F}") = "VBGetHeaderFooterText", "VBGetHeaderFooterText\VBGetHeaderFooterText.vbproj", "{0EEFEDDE-DD09-4E80-B9D4-0B7F95103CE6}"
EndProject
Project("{FAE04EC0-301F-11D3-BF4B-00C04F79EFBC}") = "SetPlaceholderValue", "SetPlaceholderValue\SetPlaceholderValue.csproj", "{18BAC824-02DA-483D-860C-EA92342F724B}"
EndProject
Project("{FAE04EC0-301F-11D3-BF4B-00C04F79EFBC}") = "TableOfContents", "TableOfContents\TableOfContents.csproj", "{00C5CAE9-5D72-4E57-8128-1AB7D1310B03}"
EndProject
Project("{F184B08F-C81C-45F6-A57F-5ABD9991F28F}") = "VBTableOfContents", "VBTableOfContents\VBTableOfContents.vbproj", "{EA9C524B-ECB9-4287-A3BD-CDBD306A9231}"
EndProject
Project("{F184B08F-C81C-45F6-A57F-5ABD9991F28F}") = "VBSetPlaceholderValue", "VBSetPlaceholderValue\VBSetPlaceholderValue.vbproj", "{3E72BA28-E9EB-4382-BA78-A76E1EC759A3}"
EndProject
Project("{FAE04EC0-301F-11D3-BF4B-00C04F79EFBC}") = "SimpleVariableSetField", "SimpleVariableSetField\SimpleVariableSetField.csproj", "{85A97E38-6E40-42FE-8DD9-4EC78891BBF9}"
EndProject
Project("{FAE04EC0-301F-11D3-BF4B-00C04F79EFBC}") = "HeaderRow", "HeaderRow\HeaderRow.csproj", "{973DA380-DBBE-4CB4-A077-0766BDFAD862}"
EndProject
Project("{F184B08F-C81C-45F6-A57F-5ABD9991F28F}") = "VBHeaderRow", "VBHeaderRow\VBHeaderRow.vbproj", "{A8533116-D518-4798-8634-2260ED93D978}"
EndProject
Project("{F184B08F-C81C-45F6-A57F-5ABD9991F28F}") = "VBSimpleVariableSetField", "VBSimpleVariableSetField\VBSimpleVariableSetField.vbproj", "{B89863F5-988F-4627-853E-0B040FBB9B45}"
EndProject
Global
	GlobalSection(SolutionConfigurationPlatforms) = preSolution
		Debug|Any CPU = Debug|Any CPU
		Release|Any CPU = Release|Any CPU
	EndGlobalSection
	GlobalSection(ProjectConfigurationPlatforms) = postSolution
		{F7667EA1-4CA3-45A4-BF72-F4BB50EC3F6F}.Debug|Any CPU.ActiveCfg = Debug|Any CPU
		{F7667EA1-4CA3-45A4-BF72-F4BB50EC3F6F}.Debug|Any CPU.Build.0 = Debug|Any CPU
		{F7667EA1-4CA3-45A4-BF72-F4BB50EC3F6F}.Release|Any CPU.ActiveCfg = Release|Any CPU
		{F7667EA1-4CA3-45A4-BF72-F4BB50EC3F6F}.Release|Any CPU.Build.0 = Release|Any CPU
		{294DBAA9-7A02-4DF6-9C29-EFC97B7D3E0F}.Debug|Any CPU.ActiveCfg = Debug|Any CPU
		{294DBAA9-7A02-4DF6-9C29-EFC97B7D3E0F}.Debug|Any CPU.Build.0 = Debug|Any CPU
		{294DBAA9-7A02-4DF6-9C29-EFC97B7D3E0F}.Release|Any CPU.ActiveCfg = Release|Any CPU
		{294DBAA9-7A02-4DF6-9C29-EFC97B7D3E0F}.Release|Any CPU.Build.0 = Release|Any CPU
		{8BDA3436-1131-49CE-93F6-4D39F7268022}.Debug|Any CPU.ActiveCfg = Debug|Any CPU
		{8BDA3436-1131-49CE-93F6-4D39F7268022}.Debug|Any CPU.Build.0 = Debug|Any CPU
		{8BDA3436-1131-49CE-93F6-4D39F7268022}.Release|Any CPU.ActiveCfg = Release|Any CPU
		{8BDA3436-1131-49CE-93F6-4D39F7268022}.Release|Any CPU.Build.0 = Release|Any CPU
		{0EF1B369-F6E3-4667-84F1-37F12E0E7980}.Debug|Any CPU.ActiveCfg = Debug|Any CPU
		{0EF1B369-F6E3-4667-84F1-37F12E0E7980}.Debug|Any CPU.Build.0 = Debug|Any CPU
		{0EF1B369-F6E3-4667-84F1-37F12E0E7980}.Release|Any CPU.ActiveCfg = Release|Any CPU
		{0EF1B369-F6E3-4667-84F1-37F12E0E7980}.Release|Any CPU.Build.0 = Release|Any CPU
		{0CC316D5-8D88-4A07-BDB0-5F1214D11B83}.Debug|Any CPU.ActiveCfg = Debug|Any CPU
		{0CC316D5-8D88-4A07-BDB0-5F1214D11B83}.Debug|Any CPU.Build.0 = Debug|Any CPU
		{0CC316D5-8D88-4A07-BDB0-5F1214D11B83}.Release|Any CPU.ActiveCfg = Release|Any CPU
		{0CC316D5-8D88-4A07-BDB0-5F1214D11B83}.Release|Any CPU.Build.0 = Release|Any CPU
		{D027526E-E4E5-449B-8CEA-DBEDFF7E0F13}.Debug|Any CPU.ActiveCfg = Debug|Any CPU
		{D027526E-E4E5-449B-8CEA-DBEDFF7E0F13}.Debug|Any CPU.Build.0 = Debug|Any CPU
		{D027526E-E4E5-449B-8CEA-DBEDFF7E0F13}.Release|Any CPU.ActiveCfg = Release|Any CPU
		{D027526E-E4E5-449B-8CEA-DBEDFF7E0F13}.Release|Any CPU.Build.0 = Release|Any CPU
		{4E93279E-4A40-4892-9E54-8FD4239AC832}.Debug|Any CPU.ActiveCfg = Debug|Any CPU
		{4E93279E-4A40-4892-9E54-8FD4239AC832}.Debug|Any CPU.Build.0 = Debug|Any CPU
		{4E93279E-4A40-4892-9E54-8FD4239AC832}.Release|Any CPU.ActiveCfg = Release|Any CPU
		{4E93279E-4A40-4892-9E54-8FD4239AC832}.Release|Any CPU.Build.0 = Release|Any CPU
		{F5F31CFB-94EC-4605-B6BE-C09AD831E1FE}.Debug|Any CPU.ActiveCfg = Debug|Any CPU
		{F5F31CFB-94EC-4605-B6BE-C09AD831E1FE}.Debug|Any CPU.Build.0 = Debug|Any CPU
		{F5F31CFB-94EC-4605-B6BE-C09AD831E1FE}.Release|Any CPU.ActiveCfg = Release|Any CPU
		{F5F31CFB-94EC-4605-B6BE-C09AD831E1FE}.Release|Any CPU.Build.0 = Release|Any CPU
		{DCC457CF-3901-47BD-8979-E07A1E6C2F9A}.Debug|Any CPU.ActiveCfg = Debug|Any CPU
		{DCC457CF-3901-47BD-8979-E07A1E6C2F9A}.Debug|Any CPU.Build.0 = Debug|Any CPU
		{DCC457CF-3901-47BD-8979-E07A1E6C2F9A}.Release|Any CPU.ActiveCfg = Release|Any CPU
		{DCC457CF-3901-47BD-8979-E07A1E6C2F9A}.Release|Any CPU.Build.0 = Release|Any CPU
		{372534AF-CB89-4DE3-B571-153BF574458B}.Debug|Any CPU.ActiveCfg = Debug|Any CPU
		{372534AF-CB89-4DE3-B571-153BF574458B}.Debug|Any CPU.Build.0 = Debug|Any CPU
		{372534AF-CB89-4DE3-B571-153BF574458B}.Release|Any CPU.ActiveCfg = Release|Any CPU
		{372534AF-CB89-4DE3-B571-153BF574458B}.Release|Any CPU.Build.0 = Release|Any CPU
		{516E14A8-F8C0-4549-9188-EB2AC7166EDB}.Debug|Any CPU.ActiveCfg = Debug|Any CPU
		{516E14A8-F8C0-4549-9188-EB2AC7166EDB}.Debug|Any CPU.Build.0 = Debug|Any CPU
		{516E14A8-F8C0-4549-9188-EB2AC7166EDB}.Release|Any CPU.ActiveCfg = Release|Any CPU
		{516E14A8-F8C0-4549-9188-EB2AC7166EDB}.Release|Any CPU.Build.0 = Release|Any CPU
		{9CC8A055-D305-4EC9-AAD6-91DADCDC1E26}.Debug|Any CPU.ActiveCfg = Debug|Any CPU
		{9CC8A055-D305-4EC9-AAD6-91DADCDC1E26}.Debug|Any CPU.Build.0 = Debug|Any CPU
		{9CC8A055-D305-4EC9-AAD6-91DADCDC1E26}.Release|Any CPU.ActiveCfg = Release|Any CPU
		{9CC8A055-D305-4EC9-AAD6-91DADCDC1E26}.Release|Any CPU.Build.0 = Release|Any CPU
		{294CF8A4-6613-4891-A8EF-64136CD4D8FD}.Debug|Any CPU.ActiveCfg = Debug|Any CPU
		{294CF8A4-6613-4891-A8EF-64136CD4D8FD}.Debug|Any CPU.Build.0 = Debug|Any CPU
		{294CF8A4-6613-4891-A8EF-64136CD4D8FD}.Release|Any CPU.ActiveCfg = Release|Any CPU
		{294CF8A4-6613-4891-A8EF-64136CD4D8FD}.Release|Any CPU.Build.0 = Release|Any CPU
		{2AF63E59-8127-4BFE-8547-5F81C9857219}.Debug|Any CPU.ActiveCfg = Debug|Any CPU
		{2AF63E59-8127-4BFE-8547-5F81C9857219}.Debug|Any CPU.Build.0 = Debug|Any CPU
		{2AF63E59-8127-4BFE-8547-5F81C9857219}.Release|Any CPU.ActiveCfg = Release|Any CPU
		{2AF63E59-8127-4BFE-8547-5F81C9857219}.Release|Any CPU.Build.0 = Release|Any CPU
		{899C5CB1-52AB-4893-B625-BD88F0E4339E}.Debug|Any CPU.ActiveCfg = Debug|Any CPU
		{899C5CB1-52AB-4893-B625-BD88F0E4339E}.Debug|Any CPU.Build.0 = Debug|Any CPU
		{899C5CB1-52AB-4893-B625-BD88F0E4339E}.Release|Any CPU.ActiveCfg = Release|Any CPU
		{899C5CB1-52AB-4893-B625-BD88F0E4339E}.Release|Any CPU.Build.0 = Release|Any CPU
		{BAF4640D-69FA-4223-8899-9314767F17C4}.Debug|Any CPU.ActiveCfg = Debug|Any CPU
		{BAF4640D-69FA-4223-8899-9314767F17C4}.Debug|Any CPU.Build.0 = Debug|Any CPU
		{BAF4640D-69FA-4223-8899-9314767F17C4}.Release|Any CPU.ActiveCfg = Release|Any CPU
		{BAF4640D-69FA-4223-8899-9314767F17C4}.Release|Any CPU.Build.0 = Release|Any CPU
		{373EF348-6824-4BB0-9A7F-ED744CEC4C8F}.Debug|Any CPU.ActiveCfg = Debug|Any CPU
		{373EF348-6824-4BB0-9A7F-ED744CEC4C8F}.Debug|Any CPU.Build.0 = Debug|Any CPU
		{373EF348-6824-4BB0-9A7F-ED744CEC4C8F}.Release|Any CPU.ActiveCfg = Release|Any CPU
		{373EF348-6824-4BB0-9A7F-ED744CEC4C8F}.Release|Any CPU.Build.0 = Release|Any CPU
		{6BF872B3-F22B-491F-B326-96BAA2F0447F}.Debug|Any CPU.ActiveCfg = Debug|Any CPU
		{6BF872B3-F22B-491F-B326-96BAA2F0447F}.Debug|Any CPU.Build.0 = Debug|Any CPU
		{6BF872B3-F22B-491F-B326-96BAA2F0447F}.Release|Any CPU.ActiveCfg = Release|Any CPU
		{6BF872B3-F22B-491F-B326-96BAA2F0447F}.Release|Any CPU.Build.0 = Release|Any CPU
		{3034526D-C414-4344-B3D7-367B71C2496F}.Debug|Any CPU.ActiveCfg = Debug|Any CPU
		{3034526D-C414-4344-B3D7-367B71C2496F}.Debug|Any CPU.Build.0 = Debug|Any CPU
		{3034526D-C414-4344-B3D7-367B71C2496F}.Release|Any CPU.ActiveCfg = Release|Any CPU
		{3034526D-C414-4344-B3D7-367B71C2496F}.Release|Any CPU.Build.0 = Release|Any CPU
		{F9565261-8F48-40E0-87C1-603155917B04}.Debug|Any CPU.ActiveCfg = Debug|Any CPU
		{F9565261-8F48-40E0-87C1-603155917B04}.Debug|Any CPU.Build.0 = Debug|Any CPU
		{F9565261-8F48-40E0-87C1-603155917B04}.Release|Any CPU.ActiveCfg = Release|Any CPU
		{F9565261-8F48-40E0-87C1-603155917B04}.Release|Any CPU.Build.0 = Release|Any CPU
		{3C018DFC-FBE3-40DC-86A5-658A9EC03338}.Debug|Any CPU.ActiveCfg = Debug|Any CPU
		{3C018DFC-FBE3-40DC-86A5-658A9EC03338}.Debug|Any CPU.Build.0 = Debug|Any CPU
		{3C018DFC-FBE3-40DC-86A5-658A9EC03338}.Release|Any CPU.ActiveCfg = Release|Any CPU
		{3C018DFC-FBE3-40DC-86A5-658A9EC03338}.Release|Any CPU.Build.0 = Release|Any CPU
		{43A24316-170A-4F06-846D-F35D4DCAC4A1}.Debug|Any CPU.ActiveCfg = Debug|Any CPU
		{43A24316-170A-4F06-846D-F35D4DCAC4A1}.Debug|Any CPU.Build.0 = Debug|Any CPU
		{43A24316-170A-4F06-846D-F35D4DCAC4A1}.Release|Any CPU.ActiveCfg = Release|Any CPU
		{43A24316-170A-4F06-846D-F35D4DCAC4A1}.Release|Any CPU.Build.0 = Release|Any CPU
		{A37C9D5C-896C-463B-876D-9554AB94F915}.Debug|Any CPU.ActiveCfg = Debug|Any CPU
		{A37C9D5C-896C-463B-876D-9554AB94F915}.Debug|Any CPU.Build.0 = Debug|Any CPU
		{A37C9D5C-896C-463B-876D-9554AB94F915}.Release|Any CPU.ActiveCfg = Release|Any CPU
		{A37C9D5C-896C-463B-876D-9554AB94F915}.Release|Any CPU.Build.0 = Release|Any CPU
		{C52A0DAE-3F7D-4BB3-990D-52309CDF3A57}.Debug|Any CPU.ActiveCfg = Debug|Any CPU
		{C52A0DAE-3F7D-4BB3-990D-52309CDF3A57}.Debug|Any CPU.Build.0 = Debug|Any CPU
		{C52A0DAE-3F7D-4BB3-990D-52309CDF3A57}.Release|Any CPU.ActiveCfg = Release|Any CPU
		{C52A0DAE-3F7D-4BB3-990D-52309CDF3A57}.Release|Any CPU.Build.0 = Release|Any CPU
		{8BAF3D75-A05E-46C0-90D9-68D56C6E486B}.Debug|Any CPU.ActiveCfg = Debug|Any CPU
		{8BAF3D75-A05E-46C0-90D9-68D56C6E486B}.Debug|Any CPU.Build.0 = Debug|Any CPU
		{8BAF3D75-A05E-46C0-90D9-68D56C6E486B}.Release|Any CPU.ActiveCfg = Release|Any CPU
		{8BAF3D75-A05E-46C0-90D9-68D56C6E486B}.Release|Any CPU.Build.0 = Release|Any CPU
		{52DDAFA6-BD6E-4011-9CDF-8275C1F1993F}.Debug|Any CPU.ActiveCfg = Debug|Any CPU
		{52DDAFA6-BD6E-4011-9CDF-8275C1F1993F}.Debug|Any CPU.Build.0 = Debug|Any CPU
		{52DDAFA6-BD6E-4011-9CDF-8275C1F1993F}.Release|Any CPU.ActiveCfg = Release|Any CPU
		{52DDAFA6-BD6E-4011-9CDF-8275C1F1993F}.Release|Any CPU.Build.0 = Release|Any CPU
		{CAB7F16A-BE98-4B2F-8AC9-AE74097036E2}.Debug|Any CPU.ActiveCfg = Debug|Any CPU
		{CAB7F16A-BE98-4B2F-8AC9-AE74097036E2}.Debug|Any CPU.Build.0 = Debug|Any CPU
		{CAB7F16A-BE98-4B2F-8AC9-AE74097036E2}.Release|Any CPU.ActiveCfg = Release|Any CPU
		{CAB7F16A-BE98-4B2F-8AC9-AE74097036E2}.Release|Any CPU.Build.0 = Release|Any CPU
		{0E6C5D29-895B-4FA7-8274-29FC940A4469}.Debug|Any CPU.ActiveCfg = Debug|Any CPU
		{0E6C5D29-895B-4FA7-8274-29FC940A4469}.Debug|Any CPU.Build.0 = Debug|Any CPU
		{0E6C5D29-895B-4FA7-8274-29FC940A4469}.Release|Any CPU.ActiveCfg = Release|Any CPU
		{0E6C5D29-895B-4FA7-8274-29FC940A4469}.Release|Any CPU.Build.0 = Release|Any CPU
		{E847A3B5-0516-48D2-BA6E-B738BAB1400A}.Debug|Any CPU.ActiveCfg = Debug|Any CPU
		{E847A3B5-0516-48D2-BA6E-B738BAB1400A}.Debug|Any CPU.Build.0 = Debug|Any CPU
		{E847A3B5-0516-48D2-BA6E-B738BAB1400A}.Release|Any CPU.ActiveCfg = Release|Any CPU
		{E847A3B5-0516-48D2-BA6E-B738BAB1400A}.Release|Any CPU.Build.0 = Release|Any CPU
		{A61869F6-512A-46AA-81E7-E9EBD6C82709}.Debug|Any CPU.ActiveCfg = Debug|Any CPU
		{A61869F6-512A-46AA-81E7-E9EBD6C82709}.Debug|Any CPU.Build.0 = Debug|Any CPU
		{A61869F6-512A-46AA-81E7-E9EBD6C82709}.Release|Any CPU.ActiveCfg = Release|Any CPU
		{A61869F6-512A-46AA-81E7-E9EBD6C82709}.Release|Any CPU.Build.0 = Release|Any CPU
		{B0513B7D-26F3-4EFC-A63A-C01D89FB599C}.Debug|Any CPU.ActiveCfg = Debug|Any CPU
		{B0513B7D-26F3-4EFC-A63A-C01D89FB599C}.Debug|Any CPU.Build.0 = Debug|Any CPU
		{B0513B7D-26F3-4EFC-A63A-C01D89FB599C}.Release|Any CPU.ActiveCfg = Release|Any CPU
		{B0513B7D-26F3-4EFC-A63A-C01D89FB599C}.Release|Any CPU.Build.0 = Release|Any CPU
		{D0DCB1CE-4349-417E-8121-5A99A84935D0}.Debug|Any CPU.ActiveCfg = Debug|Any CPU
		{D0DCB1CE-4349-417E-8121-5A99A84935D0}.Debug|Any CPU.Build.0 = Debug|Any CPU
		{D0DCB1CE-4349-417E-8121-5A99A84935D0}.Release|Any CPU.ActiveCfg = Release|Any CPU
		{D0DCB1CE-4349-417E-8121-5A99A84935D0}.Release|Any CPU.Build.0 = Release|Any CPU
		{50AF1F7F-9B8E-4760-AEB3-2814D1669999}.Debug|Any CPU.ActiveCfg = Debug|Any CPU
		{50AF1F7F-9B8E-4760-AEB3-2814D1669999}.Debug|Any CPU.Build.0 = Debug|Any CPU
		{50AF1F7F-9B8E-4760-AEB3-2814D1669999}.Release|Any CPU.ActiveCfg = Release|Any CPU
		{50AF1F7F-9B8E-4760-AEB3-2814D1669999}.Release|Any CPU.Build.0 = Release|Any CPU
		{E1052BA5-492A-43B1-9C12-7E1C19A13A04}.Debug|Any CPU.ActiveCfg = Debug|Any CPU
		{E1052BA5-492A-43B1-9C12-7E1C19A13A04}.Debug|Any CPU.Build.0 = Debug|Any CPU
		{E1052BA5-492A-43B1-9C12-7E1C19A13A04}.Release|Any CPU.ActiveCfg = Release|Any CPU
		{E1052BA5-492A-43B1-9C12-7E1C19A13A04}.Release|Any CPU.Build.0 = Release|Any CPU
		{7F058967-94A4-4E75-86F9-2107054BADF7}.Debug|Any CPU.ActiveCfg = Debug|Any CPU
		{7F058967-94A4-4E75-86F9-2107054BADF7}.Debug|Any CPU.Build.0 = Debug|Any CPU
		{7F058967-94A4-4E75-86F9-2107054BADF7}.Release|Any CPU.ActiveCfg = Release|Any CPU
		{7F058967-94A4-4E75-86F9-2107054BADF7}.Release|Any CPU.Build.0 = Release|Any CPU
		{C1793979-CF8F-48A3-B67E-03EA6F6B6DD7}.Debug|Any CPU.ActiveCfg = Debug|Any CPU
		{C1793979-CF8F-48A3-B67E-03EA6F6B6DD7}.Debug|Any CPU.Build.0 = Debug|Any CPU
		{C1793979-CF8F-48A3-B67E-03EA6F6B6DD7}.Release|Any CPU.ActiveCfg = Release|Any CPU
		{C1793979-CF8F-48A3-B67E-03EA6F6B6DD7}.Release|Any CPU.Build.0 = Release|Any CPU
		{1C6128B2-99AB-468F-9589-62D16BD28795}.Debug|Any CPU.ActiveCfg = Debug|Any CPU
		{1C6128B2-99AB-468F-9589-62D16BD28795}.Debug|Any CPU.Build.0 = Debug|Any CPU
		{1C6128B2-99AB-468F-9589-62D16BD28795}.Release|Any CPU.ActiveCfg = Release|Any CPU
		{1C6128B2-99AB-468F-9589-62D16BD28795}.Release|Any CPU.Build.0 = Release|Any CPU
		{3C2A1D16-0FE2-416B-8E9A-F656D84EFD33}.Debug|Any CPU.ActiveCfg = Debug|Any CPU
		{3C2A1D16-0FE2-416B-8E9A-F656D84EFD33}.Debug|Any CPU.Build.0 = Debug|Any CPU
		{3C2A1D16-0FE2-416B-8E9A-F656D84EFD33}.Release|Any CPU.ActiveCfg = Release|Any CPU
		{3C2A1D16-0FE2-416B-8E9A-F656D84EFD33}.Release|Any CPU.Build.0 = Release|Any CPU
		{F47266B8-60EC-4C42-8EE2-5E3763674FFA}.Debug|Any CPU.ActiveCfg = Debug|Any CPU
		{F47266B8-60EC-4C42-8EE2-5E3763674FFA}.Debug|Any CPU.Build.0 = Debug|Any CPU
		{F47266B8-60EC-4C42-8EE2-5E3763674FFA}.Release|Any CPU.ActiveCfg = Release|Any CPU
		{F47266B8-60EC-4C42-8EE2-5E3763674FFA}.Release|Any CPU.Build.0 = Release|Any CPU
		{20B5E655-3E29-4ECC-9E1E-B000B9BAF22D}.Debug|Any CPU.ActiveCfg = Debug|Any CPU
		{20B5E655-3E29-4ECC-9E1E-B000B9BAF22D}.Debug|Any CPU.Build.0 = Debug|Any CPU
		{20B5E655-3E29-4ECC-9E1E-B000B9BAF22D}.Release|Any CPU.ActiveCfg = Release|Any CPU
		{20B5E655-3E29-4ECC-9E1E-B000B9BAF22D}.Release|Any CPU.Build.0 = Release|Any CPU
		{14E995D6-5D91-48D7-9467-CB19070C9749}.Debug|Any CPU.ActiveCfg = Debug|Any CPU
		{14E995D6-5D91-48D7-9467-CB19070C9749}.Debug|Any CPU.Build.0 = Debug|Any CPU
		{14E995D6-5D91-48D7-9467-CB19070C9749}.Release|Any CPU.ActiveCfg = Release|Any CPU
		{14E995D6-5D91-48D7-9467-CB19070C9749}.Release|Any CPU.Build.0 = Release|Any CPU
		{94CA1F56-BD46-412C-AA52-62978B8C1297}.Debug|Any CPU.ActiveCfg = Debug|Any CPU
		{94CA1F56-BD46-412C-AA52-62978B8C1297}.Debug|Any CPU.Build.0 = Debug|Any CPU
		{94CA1F56-BD46-412C-AA52-62978B8C1297}.Release|Any CPU.ActiveCfg = Release|Any CPU
		{94CA1F56-BD46-412C-AA52-62978B8C1297}.Release|Any CPU.Build.0 = Release|Any CPU
		{FE5F7E70-A99D-45FF-A63B-88E89A496B95}.Debug|Any CPU.ActiveCfg = Debug|Any CPU
		{FE5F7E70-A99D-45FF-A63B-88E89A496B95}.Debug|Any CPU.Build.0 = Debug|Any CPU
		{FE5F7E70-A99D-45FF-A63B-88E89A496B95}.Release|Any CPU.ActiveCfg = Release|Any CPU
		{FE5F7E70-A99D-45FF-A63B-88E89A496B95}.Release|Any CPU.Build.0 = Release|Any CPU
		{F2E707E5-4C49-424B-AAB5-BA9EA0FF4111}.Debug|Any CPU.ActiveCfg = Debug|Any CPU
		{F2E707E5-4C49-424B-AAB5-BA9EA0FF4111}.Debug|Any CPU.Build.0 = Debug|Any CPU
		{F2E707E5-4C49-424B-AAB5-BA9EA0FF4111}.Release|Any CPU.ActiveCfg = Release|Any CPU
		{F2E707E5-4C49-424B-AAB5-BA9EA0FF4111}.Release|Any CPU.Build.0 = Release|Any CPU
		{25DE3850-4486-494E-A412-82892FC510EE}.Debug|Any CPU.ActiveCfg = Debug|Any CPU
		{25DE3850-4486-494E-A412-82892FC510EE}.Debug|Any CPU.Build.0 = Debug|Any CPU
		{25DE3850-4486-494E-A412-82892FC510EE}.Release|Any CPU.ActiveCfg = Release|Any CPU
		{25DE3850-4486-494E-A412-82892FC510EE}.Release|Any CPU.Build.0 = Release|Any CPU
		{ECE2425B-32D6-467A-BA0B-E045ACE12FD0}.Debug|Any CPU.ActiveCfg = Debug|Any CPU
		{ECE2425B-32D6-467A-BA0B-E045ACE12FD0}.Debug|Any CPU.Build.0 = Debug|Any CPU
		{ECE2425B-32D6-467A-BA0B-E045ACE12FD0}.Release|Any CPU.ActiveCfg = Release|Any CPU
		{ECE2425B-32D6-467A-BA0B-E045ACE12FD0}.Release|Any CPU.Build.0 = Release|Any CPU
		{726B2FA3-7EFD-4274-B3CE-02DBECB8F6CF}.Debug|Any CPU.ActiveCfg = Debug|Any CPU
		{726B2FA3-7EFD-4274-B3CE-02DBECB8F6CF}.Debug|Any CPU.Build.0 = Debug|Any CPU
		{726B2FA3-7EFD-4274-B3CE-02DBECB8F6CF}.Release|Any CPU.ActiveCfg = Release|Any CPU
		{726B2FA3-7EFD-4274-B3CE-02DBECB8F6CF}.Release|Any CPU.Build.0 = Release|Any CPU
		{7A19BA99-2D4F-4091-BAB8-2F6C8B983052}.Debug|Any CPU.ActiveCfg = Debug|Any CPU
		{7A19BA99-2D4F-4091-BAB8-2F6C8B983052}.Debug|Any CPU.Build.0 = Debug|Any CPU
		{7A19BA99-2D4F-4091-BAB8-2F6C8B983052}.Release|Any CPU.ActiveCfg = Release|Any CPU
		{7A19BA99-2D4F-4091-BAB8-2F6C8B983052}.Release|Any CPU.Build.0 = Release|Any CPU
		{903C1826-961D-4D52-AE83-5B09A071A044}.Debug|Any CPU.ActiveCfg = Debug|Any CPU
		{903C1826-961D-4D52-AE83-5B09A071A044}.Debug|Any CPU.Build.0 = Debug|Any CPU
		{903C1826-961D-4D52-AE83-5B09A071A044}.Release|Any CPU.ActiveCfg = Release|Any CPU
		{903C1826-961D-4D52-AE83-5B09A071A044}.Release|Any CPU.Build.0 = Release|Any CPU
		{4079D06C-E917-4FC5-8F99-C8256D9360CD}.Debug|Any CPU.ActiveCfg = Debug|Any CPU
		{4079D06C-E917-4FC5-8F99-C8256D9360CD}.Debug|Any CPU.Build.0 = Debug|Any CPU
		{4079D06C-E917-4FC5-8F99-C8256D9360CD}.Release|Any CPU.ActiveCfg = Release|Any CPU
		{4079D06C-E917-4FC5-8F99-C8256D9360CD}.Release|Any CPU.Build.0 = Release|Any CPU
		{516DADA0-9FE9-47C3-9FFD-479E55AA327B}.Debug|Any CPU.ActiveCfg = Debug|Any CPU
		{516DADA0-9FE9-47C3-9FFD-479E55AA327B}.Debug|Any CPU.Build.0 = Debug|Any CPU
		{516DADA0-9FE9-47C3-9FFD-479E55AA327B}.Release|Any CPU.ActiveCfg = Release|Any CPU
		{516DADA0-9FE9-47C3-9FFD-479E55AA327B}.Release|Any CPU.Build.0 = Release|Any CPU
		{BEFAD808-CB34-4417-845D-01F183FE6D85}.Debug|Any CPU.ActiveCfg = Debug|Any CPU
		{BEFAD808-CB34-4417-845D-01F183FE6D85}.Debug|Any CPU.Build.0 = Debug|Any CPU
		{BEFAD808-CB34-4417-845D-01F183FE6D85}.Release|Any CPU.ActiveCfg = Release|Any CPU
		{BEFAD808-CB34-4417-845D-01F183FE6D85}.Release|Any CPU.Build.0 = Release|Any CPU
		{1A7B80FB-91B3-49ED-A2A3-316E67F9ABD6}.Debug|Any CPU.ActiveCfg = Debug|Any CPU
		{1A7B80FB-91B3-49ED-A2A3-316E67F9ABD6}.Debug|Any CPU.Build.0 = Debug|Any CPU
		{1A7B80FB-91B3-49ED-A2A3-316E67F9ABD6}.Release|Any CPU.ActiveCfg = Release|Any CPU
		{1A7B80FB-91B3-49ED-A2A3-316E67F9ABD6}.Release|Any CPU.Build.0 = Release|Any CPU
		{C47DB6F2-6697-4DAE-AC59-5EDD0EF7F5DD}.Debug|Any CPU.ActiveCfg = Debug|Any CPU
		{C47DB6F2-6697-4DAE-AC59-5EDD0EF7F5DD}.Debug|Any CPU.Build.0 = Debug|Any CPU
		{C47DB6F2-6697-4DAE-AC59-5EDD0EF7F5DD}.Release|Any CPU.ActiveCfg = Release|Any CPU
		{C47DB6F2-6697-4DAE-AC59-5EDD0EF7F5DD}.Release|Any CPU.Build.0 = Release|Any CPU
		{A4FC5EC5-C8CE-4275-BFA1-21E3F4B820DD}.Debug|Any CPU.ActiveCfg = Debug|Any CPU
		{A4FC5EC5-C8CE-4275-BFA1-21E3F4B820DD}.Debug|Any CPU.Build.0 = Debug|Any CPU
		{A4FC5EC5-C8CE-4275-BFA1-21E3F4B820DD}.Release|Any CPU.ActiveCfg = Release|Any CPU
		{A4FC5EC5-C8CE-4275-BFA1-21E3F4B820DD}.Release|Any CPU.Build.0 = Release|Any CPU
		{B4174C63-EF9C-4AD3-A632-28158B04F67F}.Debug|Any CPU.ActiveCfg = Debug|Any CPU
		{B4174C63-EF9C-4AD3-A632-28158B04F67F}.Debug|Any CPU.Build.0 = Debug|Any CPU
		{B4174C63-EF9C-4AD3-A632-28158B04F67F}.Release|Any CPU.ActiveCfg = Release|Any CPU
		{B4174C63-EF9C-4AD3-A632-28158B04F67F}.Release|Any CPU.Build.0 = Release|Any CPU
		{9CF7FFAC-8CC9-41B3-A6CA-DE649C1DB22F}.Debug|Any CPU.ActiveCfg = Debug|Any CPU
		{9CF7FFAC-8CC9-41B3-A6CA-DE649C1DB22F}.Debug|Any CPU.Build.0 = Debug|Any CPU
		{9CF7FFAC-8CC9-41B3-A6CA-DE649C1DB22F}.Release|Any CPU.ActiveCfg = Release|Any CPU
		{9CF7FFAC-8CC9-41B3-A6CA-DE649C1DB22F}.Release|Any CPU.Build.0 = Release|Any CPU
		{3896BABD-55FD-40E0-B883-D447AE093886}.Debug|Any CPU.ActiveCfg = Debug|Any CPU
		{3896BABD-55FD-40E0-B883-D447AE093886}.Debug|Any CPU.Build.0 = Debug|Any CPU
		{3896BABD-55FD-40E0-B883-D447AE093886}.Release|Any CPU.ActiveCfg = Release|Any CPU
		{3896BABD-55FD-40E0-B883-D447AE093886}.Release|Any CPU.Build.0 = Release|Any CPU
		{FE88341B-329F-4103-9C59-38621627BCF6}.Debug|Any CPU.ActiveCfg = Debug|Any CPU
		{FE88341B-329F-4103-9C59-38621627BCF6}.Debug|Any CPU.Build.0 = Debug|Any CPU
		{FE88341B-329F-4103-9C59-38621627BCF6}.Release|Any CPU.ActiveCfg = Release|Any CPU
		{FE88341B-329F-4103-9C59-38621627BCF6}.Release|Any CPU.Build.0 = Release|Any CPU
		{1F72E63A-5ED0-4AFD-9101-9330BE37CAC5}.Debug|Any CPU.ActiveCfg = Debug|Any CPU
		{1F72E63A-5ED0-4AFD-9101-9330BE37CAC5}.Debug|Any CPU.Build.0 = Debug|Any CPU
		{1F72E63A-5ED0-4AFD-9101-9330BE37CAC5}.Release|Any CPU.ActiveCfg = Release|Any CPU
		{1F72E63A-5ED0-4AFD-9101-9330BE37CAC5}.Release|Any CPU.Build.0 = Release|Any CPU
		{2B775790-584C-4A92-837E-C01D15595D05}.Debug|Any CPU.ActiveCfg = Debug|Any CPU
		{2B775790-584C-4A92-837E-C01D15595D05}.Debug|Any CPU.Build.0 = Debug|Any CPU
		{2B775790-584C-4A92-837E-C01D15595D05}.Release|Any CPU.ActiveCfg = Release|Any CPU
		{2B775790-584C-4A92-837E-C01D15595D05}.Release|Any CPU.Build.0 = Release|Any CPU
		{7219971A-8B67-4AE0-926B-6756F780157D}.Debug|Any CPU.ActiveCfg = Debug|Any CPU
		{7219971A-8B67-4AE0-926B-6756F780157D}.Debug|Any CPU.Build.0 = Debug|Any CPU
		{7219971A-8B67-4AE0-926B-6756F780157D}.Release|Any CPU.ActiveCfg = Release|Any CPU
		{7219971A-8B67-4AE0-926B-6756F780157D}.Release|Any CPU.Build.0 = Release|Any CPU
		{905980B2-18D0-4636-873D-82F70FBF7FBB}.Debug|Any CPU.ActiveCfg = Debug|Any CPU
		{905980B2-18D0-4636-873D-82F70FBF7FBB}.Debug|Any CPU.Build.0 = Debug|Any CPU
		{905980B2-18D0-4636-873D-82F70FBF7FBB}.Release|Any CPU.ActiveCfg = Release|Any CPU
		{905980B2-18D0-4636-873D-82F70FBF7FBB}.Release|Any CPU.Build.0 = Release|Any CPU
		{0EEFEDDE-DD09-4E80-B9D4-0B7F95103CE6}.Debug|Any CPU.ActiveCfg = Debug|Any CPU
		{0EEFEDDE-DD09-4E80-B9D4-0B7F95103CE6}.Debug|Any CPU.Build.0 = Debug|Any CPU
		{0EEFEDDE-DD09-4E80-B9D4-0B7F95103CE6}.Release|Any CPU.ActiveCfg = Release|Any CPU
		{0EEFEDDE-DD09-4E80-B9D4-0B7F95103CE6}.Release|Any CPU.Build.0 = Release|Any CPU
		{18BAC824-02DA-483D-860C-EA92342F724B}.Debug|Any CPU.ActiveCfg = Debug|Any CPU
		{18BAC824-02DA-483D-860C-EA92342F724B}.Debug|Any CPU.Build.0 = Debug|Any CPU
		{18BAC824-02DA-483D-860C-EA92342F724B}.Release|Any CPU.ActiveCfg = Release|Any CPU
		{18BAC824-02DA-483D-860C-EA92342F724B}.Release|Any CPU.Build.0 = Release|Any CPU
		{00C5CAE9-5D72-4E57-8128-1AB7D1310B03}.Debug|Any CPU.ActiveCfg = Debug|Any CPU
		{00C5CAE9-5D72-4E57-8128-1AB7D1310B03}.Debug|Any CPU.Build.0 = Debug|Any CPU
		{00C5CAE9-5D72-4E57-8128-1AB7D1310B03}.Release|Any CPU.ActiveCfg = Release|Any CPU
		{00C5CAE9-5D72-4E57-8128-1AB7D1310B03}.Release|Any CPU.Build.0 = Release|Any CPU
		{EA9C524B-ECB9-4287-A3BD-CDBD306A9231}.Debug|Any CPU.ActiveCfg = Debug|Any CPU
		{EA9C524B-ECB9-4287-A3BD-CDBD306A9231}.Debug|Any CPU.Build.0 = Debug|Any CPU
		{EA9C524B-ECB9-4287-A3BD-CDBD306A9231}.Release|Any CPU.ActiveCfg = Release|Any CPU
		{EA9C524B-ECB9-4287-A3BD-CDBD306A9231}.Release|Any CPU.Build.0 = Release|Any CPU
		{3E72BA28-E9EB-4382-BA78-A76E1EC759A3}.Debug|Any CPU.ActiveCfg = Debug|Any CPU
		{3E72BA28-E9EB-4382-BA78-A76E1EC759A3}.Debug|Any CPU.Build.0 = Debug|Any CPU
		{3E72BA28-E9EB-4382-BA78-A76E1EC759A3}.Release|Any CPU.ActiveCfg = Release|Any CPU
		{3E72BA28-E9EB-4382-BA78-A76E1EC759A3}.Release|Any CPU.Build.0 = Release|Any CPU
		{85A97E38-6E40-42FE-8DD9-4EC78891BBF9}.Debug|Any CPU.ActiveCfg = Debug|Any CPU
		{85A97E38-6E40-42FE-8DD9-4EC78891BBF9}.Debug|Any CPU.Build.0 = Debug|Any CPU
		{85A97E38-6E40-42FE-8DD9-4EC78891BBF9}.Release|Any CPU.ActiveCfg = Release|Any CPU
		{85A97E38-6E40-42FE-8DD9-4EC78891BBF9}.Release|Any CPU.Build.0 = Release|Any CPU
		{973DA380-DBBE-4CB4-A077-0766BDFAD862}.Debug|Any CPU.ActiveCfg = Debug|Any CPU
		{973DA380-DBBE-4CB4-A077-0766BDFAD862}.Debug|Any CPU.Build.0 = Debug|Any CPU
		{973DA380-DBBE-4CB4-A077-0766BDFAD862}.Release|Any CPU.ActiveCfg = Release|Any CPU
		{973DA380-DBBE-4CB4-A077-0766BDFAD862}.Release|Any CPU.Build.0 = Release|Any CPU
		{A8533116-D518-4798-8634-2260ED93D978}.Debug|Any CPU.ActiveCfg = Debug|Any CPU
		{A8533116-D518-4798-8634-2260ED93D978}.Debug|Any CPU.Build.0 = Debug|Any CPU
		{A8533116-D518-4798-8634-2260ED93D978}.Release|Any CPU.ActiveCfg = Release|Any CPU
		{A8533116-D518-4798-8634-2260ED93D978}.Release|Any CPU.Build.0 = Release|Any CPU
		{B89863F5-988F-4627-853E-0B040FBB9B45}.Debug|Any CPU.ActiveCfg = Debug|Any CPU
		{B89863F5-988F-4627-853E-0B040FBB9B45}.Debug|Any CPU.Build.0 = Debug|Any CPU
		{B89863F5-988F-4627-853E-0B040FBB9B45}.Release|Any CPU.ActiveCfg = Release|Any CPU
		{B89863F5-988F-4627-853E-0B040FBB9B45}.Release|Any CPU.Build.0 = Release|Any CPU
	EndGlobalSection
	GlobalSection(SolutionProperties) = preSolution
		HideSolutionNode = FALSE
	EndGlobalSection
	GlobalSection(NestedProjects) = preSolution
		{F7667EA1-4CA3-45A4-BF72-F4BB50EC3F6F} = {BE5E4636-B567-45E6-A629-D2E7A0C5C32B}
		{294DBAA9-7A02-4DF6-9C29-EFC97B7D3E0F} = {BE5E4636-B567-45E6-A629-D2E7A0C5C32B}
		{8BDA3436-1131-49CE-93F6-4D39F7268022} = {BE5E4636-B567-45E6-A629-D2E7A0C5C32B}
		{0EF1B369-F6E3-4667-84F1-37F12E0E7980} = {BE5E4636-B567-45E6-A629-D2E7A0C5C32B}
		{0CC316D5-8D88-4A07-BDB0-5F1214D11B83} = {BE5E4636-B567-45E6-A629-D2E7A0C5C32B}
		{D027526E-E4E5-449B-8CEA-DBEDFF7E0F13} = {BE5E4636-B567-45E6-A629-D2E7A0C5C32B}
		{4E93279E-4A40-4892-9E54-8FD4239AC832} = {BE5E4636-B567-45E6-A629-D2E7A0C5C32B}
		{F5F31CFB-94EC-4605-B6BE-C09AD831E1FE} = {BE5E4636-B567-45E6-A629-D2E7A0C5C32B}
		{DCC457CF-3901-47BD-8979-E07A1E6C2F9A} = {BE5E4636-B567-45E6-A629-D2E7A0C5C32B}
		{372534AF-CB89-4DE3-B571-153BF574458B} = {BE5E4636-B567-45E6-A629-D2E7A0C5C32B}
		{516E14A8-F8C0-4549-9188-EB2AC7166EDB} = {BE5E4636-B567-45E6-A629-D2E7A0C5C32B}
		{9CC8A055-D305-4EC9-AAD6-91DADCDC1E26} = {BE5E4636-B567-45E6-A629-D2E7A0C5C32B}
		{294CF8A4-6613-4891-A8EF-64136CD4D8FD} = {BE5E4636-B567-45E6-A629-D2E7A0C5C32B}
		{2AF63E59-8127-4BFE-8547-5F81C9857219} = {BE5E4636-B567-45E6-A629-D2E7A0C5C32B}
		{899C5CB1-52AB-4893-B625-BD88F0E4339E} = {A4EB1229-CBCD-4C28-98C7-B94A4B87C40D}
		{BAF4640D-69FA-4223-8899-9314767F17C4} = {A4EB1229-CBCD-4C28-98C7-B94A4B87C40D}
		{373EF348-6824-4BB0-9A7F-ED744CEC4C8F} = {BE5E4636-B567-45E6-A629-D2E7A0C5C32B}
		{6BF872B3-F22B-491F-B326-96BAA2F0447F} = {BE5E4636-B567-45E6-A629-D2E7A0C5C32B}
		{3034526D-C414-4344-B3D7-367B71C2496F} = {BE5E4636-B567-45E6-A629-D2E7A0C5C32B}
		{F9565261-8F48-40E0-87C1-603155917B04} = {BE5E4636-B567-45E6-A629-D2E7A0C5C32B}
		{3C018DFC-FBE3-40DC-86A5-658A9EC03338} = {BE5E4636-B567-45E6-A629-D2E7A0C5C32B}
		{43A24316-170A-4F06-846D-F35D4DCAC4A1} = {BE5E4636-B567-45E6-A629-D2E7A0C5C32B}
		{A37C9D5C-896C-463B-876D-9554AB94F915} = {BE5E4636-B567-45E6-A629-D2E7A0C5C32B}
		{C52A0DAE-3F7D-4BB3-990D-52309CDF3A57} = {BE5E4636-B567-45E6-A629-D2E7A0C5C32B}
		{8BAF3D75-A05E-46C0-90D9-68D56C6E486B} = {BE5E4636-B567-45E6-A629-D2E7A0C5C32B}
		{52DDAFA6-BD6E-4011-9CDF-8275C1F1993F} = {BE5E4636-B567-45E6-A629-D2E7A0C5C32B}
		{CAB7F16A-BE98-4B2F-8AC9-AE74097036E2} = {BE5E4636-B567-45E6-A629-D2E7A0C5C32B}
		{0E6C5D29-895B-4FA7-8274-29FC940A4469} = {BE5E4636-B567-45E6-A629-D2E7A0C5C32B}
		{E847A3B5-0516-48D2-BA6E-B738BAB1400A} = {BE5E4636-B567-45E6-A629-D2E7A0C5C32B}
		{A61869F6-512A-46AA-81E7-E9EBD6C82709} = {BE5E4636-B567-45E6-A629-D2E7A0C5C32B}
		{B0513B7D-26F3-4EFC-A63A-C01D89FB599C} = {A4EB1229-CBCD-4C28-98C7-B94A4B87C40D}
		{D0DCB1CE-4349-417E-8121-5A99A84935D0} = {A4EB1229-CBCD-4C28-98C7-B94A4B87C40D}
		{50AF1F7F-9B8E-4760-AEB3-2814D1669999} = {A4EB1229-CBCD-4C28-98C7-B94A4B87C40D}
		{E1052BA5-492A-43B1-9C12-7E1C19A13A04} = {A4EB1229-CBCD-4C28-98C7-B94A4B87C40D}
		{7F058967-94A4-4E75-86F9-2107054BADF7} = {A4EB1229-CBCD-4C28-98C7-B94A4B87C40D}
		{C1793979-CF8F-48A3-B67E-03EA6F6B6DD7} = {A4EB1229-CBCD-4C28-98C7-B94A4B87C40D}
		{1C6128B2-99AB-468F-9589-62D16BD28795} = {A4EB1229-CBCD-4C28-98C7-B94A4B87C40D}
		{3C2A1D16-0FE2-416B-8E9A-F656D84EFD33} = {A4EB1229-CBCD-4C28-98C7-B94A4B87C40D}
		{F47266B8-60EC-4C42-8EE2-5E3763674FFA} = {A4EB1229-CBCD-4C28-98C7-B94A4B87C40D}
		{20B5E655-3E29-4ECC-9E1E-B000B9BAF22D} = {A4EB1229-CBCD-4C28-98C7-B94A4B87C40D}
		{14E995D6-5D91-48D7-9467-CB19070C9749} = {A4EB1229-CBCD-4C28-98C7-B94A4B87C40D}
		{94CA1F56-BD46-412C-AA52-62978B8C1297} = {A4EB1229-CBCD-4C28-98C7-B94A4B87C40D}
		{FE5F7E70-A99D-45FF-A63B-88E89A496B95} = {A4EB1229-CBCD-4C28-98C7-B94A4B87C40D}
		{F2E707E5-4C49-424B-AAB5-BA9EA0FF4111} = {A4EB1229-CBCD-4C28-98C7-B94A4B87C40D}
		{25DE3850-4486-494E-A412-82892FC510EE} = {BE5E4636-B567-45E6-A629-D2E7A0C5C32B}
		{ECE2425B-32D6-467A-BA0B-E045ACE12FD0} = {BE5E4636-B567-45E6-A629-D2E7A0C5C32B}
		{726B2FA3-7EFD-4274-B3CE-02DBECB8F6CF} = {BE5E4636-B567-45E6-A629-D2E7A0C5C32B}
		{7A19BA99-2D4F-4091-BAB8-2F6C8B983052} = {BE5E4636-B567-45E6-A629-D2E7A0C5C32B}
		{903C1826-961D-4D52-AE83-5B09A071A044} = {BE5E4636-B567-45E6-A629-D2E7A0C5C32B}
		{4079D06C-E917-4FC5-8F99-C8256D9360CD} = {BE5E4636-B567-45E6-A629-D2E7A0C5C32B}
		{516DADA0-9FE9-47C3-9FFD-479E55AA327B} = {BE5E4636-B567-45E6-A629-D2E7A0C5C32B}
		{BEFAD808-CB34-4417-845D-01F183FE6D85} = {BE5E4636-B567-45E6-A629-D2E7A0C5C32B}
		{1A7B80FB-91B3-49ED-A2A3-316E67F9ABD6} = {BE5E4636-B567-45E6-A629-D2E7A0C5C32B}
		{C47DB6F2-6697-4DAE-AC59-5EDD0EF7F5DD} = {BE5E4636-B567-45E6-A629-D2E7A0C5C32B}
		{A4FC5EC5-C8CE-4275-BFA1-21E3F4B820DD} = {BE5E4636-B567-45E6-A629-D2E7A0C5C32B}
		{B4174C63-EF9C-4AD3-A632-28158B04F67F} = {BE5E4636-B567-45E6-A629-D2E7A0C5C32B}
		{9CF7FFAC-8CC9-41B3-A6CA-DE649C1DB22F} = {BE5E4636-B567-45E6-A629-D2E7A0C5C32B}
		{3896BABD-55FD-40E0-B883-D447AE093886} = {BE5E4636-B567-45E6-A629-D2E7A0C5C32B}
		{FE88341B-329F-4103-9C59-38621627BCF6} = {BE5E4636-B567-45E6-A629-D2E7A0C5C32B}
		{1F72E63A-5ED0-4AFD-9101-9330BE37CAC5} = {BE5E4636-B567-45E6-A629-D2E7A0C5C32B}
		{2B775790-584C-4A92-837E-C01D15595D05} = {BE5E4636-B567-45E6-A629-D2E7A0C5C32B}
		{7219971A-8B67-4AE0-926B-6756F780157D} = {BE5E4636-B567-45E6-A629-D2E7A0C5C32B}
		{905980B2-18D0-4636-873D-82F70FBF7FBB} = {BE5E4636-B567-45E6-A629-D2E7A0C5C32B}
		{0EEFEDDE-DD09-4E80-B9D4-0B7F95103CE6} = {BE5E4636-B567-45E6-A629-D2E7A0C5C32B}
		{18BAC824-02DA-483D-860C-EA92342F724B} = {BE5E4636-B567-45E6-A629-D2E7A0C5C32B}
		{00C5CAE9-5D72-4E57-8128-1AB7D1310B03} = {BE5E4636-B567-45E6-A629-D2E7A0C5C32B}
		{EA9C524B-ECB9-4287-A3BD-CDBD306A9231} = {BE5E4636-B567-45E6-A629-D2E7A0C5C32B}
		{3E72BA28-E9EB-4382-BA78-A76E1EC759A3} = {BE5E4636-B567-45E6-A629-D2E7A0C5C32B}
		{85A97E38-6E40-42FE-8DD9-4EC78891BBF9} = {BE5E4636-B567-45E6-A629-D2E7A0C5C32B}
		{973DA380-DBBE-4CB4-A077-0766BDFAD862} = {BE5E4636-B567-45E6-A629-D2E7A0C5C32B}
		{A8533116-D518-4798-8634-2260ED93D978} = {BE5E4636-B567-45E6-A629-D2E7A0C5C32B}
		{B89863F5-988F-4627-853E-0B040FBB9B45} = {BE5E4636-B567-45E6-A629-D2E7A0C5C32B}
	EndGlobalSection
	GlobalSection(DPCodeReviewSolutionGUID) = preSolution
		DPCodeReviewSolutionGUID = {00000000-0000-0000-0000-000000000000}
	EndGlobalSection
EndGlobal
